
Microsoft Visual Studio Solution File, Format Version 12.00
# Visual Studio Version 16
VisualStudioVersion = 16.0.31624.102
MinimumVisualStudioVersion = 10.0.40219.1
Project("{FAE04EC0-301F-11D3-BF4B-00C04F79EFBC}") = "Landinfo", "Landinfo\Landinfo.csproj", "{FC8DE35B-A357-41D8-9772-F2E735E2A7DA}"
EndProject
Project("{FAE04EC0-301F-11D3-BF4B-00C04F79EFBC}") = "Landinfo.DAL", "Landinfo.DAL\Landinfo.DAL.csproj", "{BF4590D7-D036-44B2-A78E-FDBD4B1E1234}"
EndProject
Project("{FAE04EC0-301F-11D3-BF4B-00C04F79EFBC}") = "Landinfo.Services", "Landinfo.Services\Landinfo.Services.csproj", "{EE6098D3-E9C0-4124-8833-D7B3B502B737}"
EndProject
Global
	GlobalSection(SolutionConfigurationPlatforms) = preSolution
		Debug|Any CPU = Debug|Any CPU
		Release|Any CPU = Release|Any CPU
	EndGlobalSection
	GlobalSection(ProjectConfigurationPlatforms) = postSolution
		{FC8DE35B-A357-41D8-9772-F2E735E2A7DA}.Debug|Any CPU.ActiveCfg = Debug|Any CPU
		{FC8DE35B-A357-41D8-9772-F2E735E2A7DA}.Debug|Any CPU.Build.0 = Debug|Any CPU
		{FC8DE35B-A357-41D8-9772-F2E735E2A7DA}.Release|Any CPU.ActiveCfg = Release|Any CPU
		{FC8DE35B-A357-41D8-9772-F2E735E2A7DA}.Release|Any CPU.Build.0 = Release|Any CPU
		{BF4590D7-D036-44B2-A78E-FDBD4B1E1234}.Debug|Any CPU.ActiveCfg = Debug|Any CPU
		{BF4590D7-D036-44B2-A78E-FDBD4B1E1234}.Debug|Any CPU.Build.0 = Debug|Any CPU
		{BF4590D7-D036-44B2-A78E-FDBD4B1E1234}.Release|Any CPU.ActiveCfg = Release|Any CPU
		{BF4590D7-D036-44B2-A78E-FDBD4B1E1234}.Release|Any CPU.Build.0 = Release|Any CPU
		{EE6098D3-E9C0-4124-8833-D7B3B502B737}.Debug|Any CPU.ActiveCfg = Debug|Any CPU
		{EE6098D3-E9C0-4124-8833-D7B3B502B737}.Debug|Any CPU.Build.0 = Debug|Any CPU
		{EE6098D3-E9C0-4124-8833-D7B3B502B737}.Release|Any CPU.ActiveCfg = Release|Any CPU
		{EE6098D3-E9C0-4124-8833-D7B3B502B737}.Release|Any CPU.Build.0 = Release|Any CPU
	EndGlobalSection
	GlobalSection(SolutionProperties) = preSolution
		HideSolutionNode = FALSE
	EndGlobalSection
	GlobalSection(ExtensibilityGlobals) = postSolution
		SolutionGuid = {1FFCEDD1-7C97-4AE7-82D8-E506FFA73677}
	EndGlobalSection
EndGlobal
